// !$*UTF8*$!
{
	archiveVersion = 1;
	classes = {
	};
	objectVersion = 48;
	objects = {

/* Begin PBXBuildFile section */
		5E850FCD204266860002AA2B /* AppDelegate.m in Sources */ = {isa = PBXBuildFile; fileRef = 5E850FCC204266860002AA2B /* AppDelegate.m */; };
		5E850FD0204266860002AA2B /* ViewController.m in Sources */ = {isa = PBXBuildFile; fileRef = 5E850FCF204266860002AA2B /* ViewController.m */; };
		5E850FD3204266860002AA2B /* Main.storyboard in Resources */ = {isa = PBXBuildFile; fileRef = 5E850FD1204266860002AA2B /* Main.storyboard */; };
		5E850FD5204266860002AA2B /* Assets.xcassets in Resources */ = {isa = PBXBuildFile; fileRef = 5E850FD4204266860002AA2B /* Assets.xcassets */; };
		5E850FD8204266860002AA2B /* LaunchScreen.storyboard in Resources */ = {isa = PBXBuildFile; fileRef = 5E850FD6204266860002AA2B /* LaunchScreen.storyboard */; };
		5E850FDB204266860002AA2B /* main.m in Sources */ = {isa = PBXBuildFile; fileRef = 5E850FDA204266860002AA2B /* main.m */; };
/* End PBXBuildFile section */

/* Begin PBXFileReference section */
		5E850FC8204266860002AA2B /* RTBluetoothDemo.app */ = {isa = PBXFileReference; explicitFileType = wrapper.application; includeInIndex = 0; path = RTBluetoothDemo.app; sourceTree = BUILT_PRODUCTS_DIR; };
		5E850FCB204266860002AA2B /* AppDelegate.h */ = {isa = PBXFileReference; lastKnownFileType = sourcecode.c.h; path = AppDelegate.h; sourceTree = "<group>"; };
		5E850FCC204266860002AA2B /* AppDelegate.m */ = {isa = PBXFileReference; lastKnownFileType = sourcecode.c.objc; path = AppDelegate.m; sourceTree = "<group>"; };
		5E850FCE204266860002AA2B /* ViewController.h */ = {isa = PBXFileReference; lastKnownFileType = sourcecode.c.h; path = ViewController.h; sourceTree = "<group>"; };
		5E850FCF204266860002AA2B /* ViewController.m */ = {isa = PBXFileReference; lastKnownFileType = sourcecode.c.objc; path = ViewController.m; sourceTree = "<group>"; };
		5E850FD2204266860002AA2B /* Base */ = {isa = PBXFileReference; lastKnownFileType = file.storyboard; name = Base; path = Base.lproj/Main.storyboard; sourceTree = "<group>"; };
		5E850FD4204266860002AA2B /* Assets.xcassets */ = {isa = PBXFileReference; lastKnownFileType = folder.assetcatalog; path = Assets.xcassets; sourceTree = "<group>"; };
		5E850FD7204266860002AA2B /* Base */ = {isa = PBXFileReference; lastKnownFileType = file.storyboard; name = Base; path = Base.lproj/LaunchScreen.storyboard; sourceTree = "<group>"; };
		5E850FD9204266860002AA2B /* Info.plist */ = {isa = PBXFileReference; lastKnownFileType = text.plist.xml; path = Info.plist; sourceTree = "<group>"; };
		5E850FDA204266860002AA2B /* main.m */ = {isa = PBXFileReference; lastKnownFileType = sourcecode.c.objc; path = main.m; sourceTree = "<group>"; };
/* End PBXFileReference section */

/* Begin PBXFrameworksBuildPhase section */
		5E850FC5204266860002AA2B /* Frameworks */ = {
			isa = PBXFrameworksBuildPhase;
			buildActionMask = 2147483647;
			files = (
			);
			runOnlyForDeploymentPostprocessing = 0;
		};
/* End PBXFrameworksBuildPhase section */

/* Begin PBXGroup section */
		5E850FBF204266860002AA2B = {
			isa = PBXGroup;
			children = (
				5E850FCA204266860002AA2B /* RTBluetoothDemo */,
				5E850FC9204266860002AA2B /* Products */,
			);
			sourceTree = "<group>";
		};
		5E850FC9204266860002AA2B /* Products */ = {
			isa = PBXGroup;
			children = (
				5E850FC8204266860002AA2B /* RTBluetoothDemo.app */,
			);
			name = Products;
			sourceTree = "<group>";
		};
		5E850FCA204266860002AA2B /* RTBluetoothDemo */ = {
			isa = PBXGroup;
			children = (
				5E850FCB204266860002AA2B /* AppDelegate.h */,
				5E850FCC204266860002AA2B /* AppDelegate.m */,
				5E850FCE204266860002AA2B /* ViewController.h */,
				5E850FCF204266860002AA2B /* ViewController.m */,
				5E850FD1204266860002AA2B /* Main.storyboard */,
				5E850FD4204266860002AA2B /* Assets.xcassets */,
				5E850FD6204266860002AA2B /* LaunchScreen.storyboard */,
				5E850FD9204266860002AA2B /* Info.plist */,
				5E850FDA204266860002AA2B /* main.m */,
			);
			path = RTBluetoothDemo;
			sourceTree = "<group>";
		};
/* End PBXGroup section */

/* Begin PBXNativeTarget section */
		5E850FC7204266860002AA2B /* RTBluetoothDemo */ = {
			isa = PBXNativeTarget;
			buildConfigurationList = 5E850FDE204266860002AA2B /* Build configuration list for PBXNativeTarget "RTBluetoothDemo" */;
			buildPhases = (
				5E850FC4204266860002AA2B /* Sources */,
				5E850FC5204266860002AA2B /* Frameworks */,
				5E850FC6204266860002AA2B /* Resources */,
			);
			buildRules = (
			);
			dependencies = (
			);
			name = RTBluetoothDemo;
			productName = RTBluetoothDemo;
			productReference = 5E850FC8204266860002AA2B /* RTBluetoothDemo.app */;
			productType = "com.apple.product-type.application";
		};
/* End PBXNativeTarget section */

/* Begin PBXProject section */
		5E850FC0204266860002AA2B /* Project object */ = {
			isa = PBXProject;
			attributes = {
				LastUpgradeCheck = 0920;
				ORGANIZATIONNAME = "Tang Retouch";
				TargetAttributes = {
					5E850FC7204266860002AA2B = {
						CreatedOnToolsVersion = 9.2;
						ProvisioningStyle = Automatic;
					};
				};
			};
			buildConfigurationList = 5E850FC3204266860002AA2B /* Build configuration list for PBXProject "RTBluetoothDemo" */;
			compatibilityVersion = "Xcode 8.0";
			developmentRegion = en;
			hasScannedForEncodings = 0;
			knownRegions = (
				en,
				Base,
			);
			mainGroup = 5E850FBF204266860002AA2B;
			productRefGroup = 5E850FC9204266860002AA2B /* Products */;
			projectDirPath = "";
			projectRoot = "";
			targets = (
				5E850FC7204266860002AA2B /* RTBluetoothDemo */,
			);
		};
/* End PBXProject section */

/* Begin PBXResourcesBuildPhase section */
		5E850FC6204266860002AA2B /* Resources */ = {
			isa = PBXResourcesBuildPhase;
			buildActionMask = 2147483647;
			files = (
				5E850FD8204266860002AA2B /* LaunchScreen.storyboard in Resources */,
				5E850FD5204266860002AA2B /* Assets.xcassets in Resources */,
				5E850FD3204266860002AA2B /* Main.storyboard in Resources */,
			);
			runOnlyForDeploymentPostprocessing = 0;
		};
/* End PBXResourcesBuildPhase section */

/* Begin PBXSourcesBuildPhase section */
		5E850FC4204266860002AA2B /* Sources */ = {
			isa = PBXSourcesBuildPhase;
			buildActionMask = 2147483647;
			files = (
				5E850FD0204266860002AA2B /* ViewController.m in Sources */,
				5E850FDB204266860002AA2B /* main.m in Sources */,
				5E850FCD204266860002AA2B /* AppDelegate.m in Sources */,
			);
			runOnlyForDeploymentPostprocessing = 0;
		};
/* End PBXSourcesBuildPhase section */

/* Begin PBXVariantGroup section */
		5E850FD1204266860002AA2B /* Main.storyboard */ = {
			isa = PBXVariantGroup;
			children = (
				5E850FD2204266860002AA2B /* Base */,
			);
			name = Main.storyboard;
			sourceTree = "<group>";
		};
		5E850FD6204266860002AA2B /* LaunchScreen.storyboard */ = {
			isa = PBXVariantGroup;
			children = (
				5E850FD7204266860002AA2B /* Base */,
			);
			name = LaunchScreen.storyboard;
			sourceTree = "<group>";
		};
/* End PBXVariantGroup section */

/* Begin XCBuildConfiguration section */
		5E850FDC204266860002AA2B /* Debug */ = {
			isa = XCBuildConfiguration;
			buildSettings = {
				ALWAYS_SEARCH_USER_PATHS = NO;
				CLANG_ANALYZER_NONNULL = YES;
				CLANG_ANALYZER_NUMBER_OBJECT_CONVERSION = YES_AGGRESSIVE;
				CLANG_CXX_LANGUAGE_STANDARD = "gnu++14";
				CLANG_CXX_LIBRARY = "libc++";
				CLANG_ENABLE_MODULES = YES;
				CLANG_ENABLE_OBJC_ARC = YES;
				CLANG_WARN_BLOCK_CAPTURE_AUTORELEASING = YES;
				CLANG_WARN_BOOL_CONVERSION = YES;
				CLANG_WARN_COMMA = YES;
				CLANG_WARN_CONSTANT_CONVERSION = YES;
				CLANG_WARN_DIRECT_OBJC_ISA_USAGE = YES_ERROR;
				CLANG_WARN_DOCUMENTATION_COMMENTS = YES;
				CLANG_WARN_EMPTY_BODY = YES;
				CLANG_WARN_ENUM_CONVERSION = YES;
				CLANG_WARN_INFINITE_RECURSION = YES;
				CLANG_WARN_INT_CONVERSION = YES;
				CLANG_WARN_NON_LITERAL_NULL_CONVERSION = YES;
				CLANG_WARN_OBJC_LITERAL_CONVERSION = YES;
				CLANG_WARN_OBJC_ROOT_CLASS = YES_ERROR;
				CLANG_WARN_RANGE_LOOP_ANALYSIS = YES;
				CLANG_WARN_STRICT_PROTOTYPES = YES;
				CLANG_WARN_SUSPICIOUS_MOVE = YES;
				CLANG_WARN_UNGUARDED_AVAILABILITY = YES_AGGRESSIVE;
				CLANG_WARN_UNREACHABLE_CODE = YES;
				CLANG_WARN__DUPLICATE_METHOD_MATCH = YES;
				CODE_SIGN_IDENTITY = "iPhone Developer";
				COPY_PHASE_STRIP = NO;
				DEBUG_INFORMATION_FORMAT = dwarf;
				ENABLE_STRICT_OBJC_MSGSEND = YES;
				ENABLE_TESTABILITY = YES;
				GCC_C_LANGUAGE_STANDARD = gnu11;
				GCC_DYNAMIC_NO_PIC = NO;
				GCC_NO_COMMON_BLOCKS = YES;
				GCC_OPTIMIZATION_LEVEL = 0;
				GCC_PREPROCESSOR_DEFINITIONS = (
					"DEBUG=1",
					"$(inherited)",
				);
				GCC_WARN_64_TO_32_BIT_CONVERSION = YES;
				GCC_WARN_ABOUT_RETURN_TYPE = YES_ERROR;
				GCC_WARN_UNDECLARED_SELECTOR = YES;
				GCC_WARN_UNINITIALIZED_AUTOS = YES_AGGRESSIVE;
				GCC_WARN_UNUSED_FUNCTION = YES;
				GCC_WARN_UNUSED_VARIABLE = YES;
				IPHONEOS_DEPLOYMENT_TARGET = 11.2;
				MTL_ENABLE_DEBUG_INFO = YES;
				ONLY_ACTIVE_ARCH = YES;
				SDKROOT = iphoneos;
			};
			name = Debug;
		};
		5E850FDD204266860002AA2B /* Release */ = {
			isa = XCBuildConfiguration;
			buildSettings = {
				ALWAYS_SEARCH_USER_PATHS = NO;
				CLANG_ANALYZER_NONNULL = YES;
				CLANG_ANALYZER_NUMBER_OBJECT_CONVERSION = YES_AGGRESSIVE;
				CLANG_CXX_LANGUAGE_STANDARD = "gnu++14";
				CLANG_CXX_LIBRARY = "libc++";
				CLANG_ENABLE_MODULES = YES;
				CLANG_ENABLE_OBJC_ARC = YES;
				CLANG_WARN_BLOCK_CAPTURE_AUTORELEASING = YES;
				CLANG_WARN_BOOL_CONVERSION = YES;
				CLANG_WARN_COMMA = YES;
				CLANG_WARN_CONSTANT_CONVERSION = YES;
				CLANG_WARN_DIRECT_OBJC_ISA_USAGE = YES_ERROR;
				CLANG_WARN_DOCUMENTATION_COMMENTS = YES;
				CLANG_WARN_EMPTY_BODY = YES;
				CLANG_WARN_ENUM_CONVERSION = YES;
				CLANG_WARN_INFINITE_RECURSION = YES;
				CLANG_WARN_INT_CONVERSION = YES;
				CLANG_WARN_NON_LITERAL_NULL_CONVERSION = YES;
				CLANG_WARN_OBJC_LITERAL_CONVERSION = YES;
				CLANG_WARN_OBJC_ROOT_CLASS = YES_ERROR;
				CLANG_WARN_RANGE_LOOP_ANALYSIS = YES;
				CLANG_WARN_STRICT_PROTOTYPES = YES;
				CLANG_WARN_SUSPICIOUS_MOVE = YES;
				CLANG_WARN_UNGUARDED_AVAILABILITY = YES_AGGRESSIVE;
				CLANG_WARN_UNREACHABLE_CODE = YES;
				CLANG_WARN__DUPLICATE_METHOD_MATCH = YES;
				CODE_SIGN_IDENTITY = "iPhone Developer";
				COPY_PHASE_STRIP = NO;
				DEBUG_INFORMATION_FORMAT = "dwarf-with-dsym";
				ENABLE_NS_ASSERTIONS = NO;
				ENABLE_STRICT_OBJC_MSGSEND = YES;
				GCC_C_LANGUAGE_STANDARD = gnu11;
				GCC_NO_COMMON_BLOCKS = YES;
				GCC_WARN_64_TO_32_BIT_CONVERSION = YES;
				GCC_WARN_ABOUT_RETURN_TYPE = YES_ERROR;
				GCC_WARN_UNDECLARED_SELECTOR = YES;
				GCC_WARN_UNINITIALIZED_AUTOS = YES_AGGRESSIVE;
				GCC_WARN_UNUSED_FUNCTION = YES;
				GCC_WARN_UNUSED_VARIABLE = YES;
				IPHONEOS_DEPLOYMENT_TARGET = 11.2;
				MTL_ENABLE_DEBUG_INFO = NO;
				SDKROOT = iphoneos;
				VALIDATE_PRODUCT = YES;
			};
			name = Release;
		};
		5E850FDF204266860002AA2B /* Debug */ = {
			isa = XCBuildConfiguration;
			buildSettings = {
				ASSETCATALOG_COMPILER_APPICON_NAME = AppIcon;
				CODE_SIGN_STYLE = Automatic;
				DEVELOPMENT_TEAM = F3ENB4667F;
				INFOPLIST_FILE = RTBluetoothDemo/Info.plist;
				LD_RUNPATH_SEARCH_PATHS = "$(inherited) @executable_path/Frameworks";
				PRODUCT_BUNDLE_IDENTIFIER = com.ibreezeeGuiderTool.cn.RTBluetoothDemo;
				PRODUCT_NAME = "$(TARGET_NAME)";
				TARGETED_DEVICE_FAMILY = "1,2";
			};
			name = Debug;
		};
		5E850FE0204266860002AA2B /* Release */ = {
			isa = XCBuildConfiguration;
			buildSettings = {
				ASSETCATALOG_COMPILER_APPICON_NAME = AppIcon;
				CODE_SIGN_STYLE = Automatic;
				DEVELOPMENT_TEAM = F3ENB4667F;
				INFOPLIST_FILE = RTBluetoothDemo/Info.plist;
				LD_RUNPATH_SEARCH_PATHS = "$(inherited) @executable_path/Frameworks";
				PRODUCT_BUNDLE_IDENTIFIER = com.ibreezeeGuiderTool.cn.RTBluetoothDemo;
				PRODUCT_NAME = "$(TARGET_NAME)";
				TARGETED_DEVICE_FAMILY = "1,2";
			};
			name = Release;
		};
/* End XCBuildConfiguration section */

/* Begin XCConfigurationList section */
		5E850FC3204266860002AA2B /* Build configuration list for PBXProject "RTBluetoothDemo" */ = {
			isa = XCConfigurationList;
			buildConfigurations = (
				5E850FDC204266860002AA2B /* Debug */,
				5E850FDD204266860002AA2B /* Release */,
			);
			defaultConfigurationIsVisible = 0;
			defaultConfigurationName = Release;
		};
		5E850FDE204266860002AA2B /* Build configuration list for PBXNativeTarget "RTBluetoothDemo" */ = {
			isa = XCConfigurationList;
			buildConfigurations = (
				5E850FDF204266860002AA2B /* Debug */,
				5E850FE0204266860002AA2B /* Release */,
			);
			defaultConfigurationIsVisible = 0;
			defaultConfigurationName = Release;
		};
/* End XCConfigurationList section */
	};
	rootObject = 5E850FC0204266860002AA2B /* Project object */;
}
